// !$*UTF8*$!
{
	archiveVersion = 1;
	classes = {
	};
	objectVersion = 50;
	objects = {

/* Begin PBXBuildFile section */
		16C67F8D2477CA9C00877EAE /* AppDelegate.swift in Sources */ = {isa = PBXBuildFile; fileRef = 16C67F8C2477CA9C00877EAE /* AppDelegate.swift */; };
		16C67F8F2477CA9C00877EAE /* SceneDelegate.swift in Sources */ = {isa = PBXBuildFile; fileRef = 16C67F8E2477CA9C00877EAE /* SceneDelegate.swift */; };
		16C67F912477CA9C00877EAE /* ViewController.swift in Sources */ = {isa = PBXBuildFile; fileRef = 16C67F902477CA9C00877EAE /* ViewController.swift */; };
		16C67F942477CA9C00877EAE /* Main.storyboard in Resources */ = {isa = PBXBuildFile; fileRef = 16C67F922477CA9C00877EAE /* Main.storyboard */; };
		16C67F962477CA9D00877EAE /* Assets.xcassets in Resources */ = {isa = PBXBuildFile; fileRef = 16C67F952477CA9D00877EAE /* Assets.xcassets */; };
		16C67F992477CA9D00877EAE /* LaunchScreen.storyboard in Resources */ = {isa = PBXBuildFile; fileRef = 16C67F972477CA9D00877EAE /* LaunchScreen.storyboard */; };
		16C67FA12477CAC100877EAE /* _BackgroundView.swift in Sources */ = {isa = PBXBuildFile; fileRef = 16C67FA02477CAC100877EAE /* _BackgroundView.swift */; };
/* End PBXBuildFile section */

/* Begin PBXFileReference section */
		16C67F892477CA9C00877EAE /* GradientNavigation.app */ = {isa = PBXFileReference; explicitFileType = wrapper.application; includeInIndex = 0; path = GradientNavigation.app; sourceTree = BUILT_PRODUCTS_DIR; };
		16C67F8C2477CA9C00877EAE /* AppDelegate.swift */ = {isa = PBXFileReference; lastKnownFileType = sourcecode.swift; path = AppDelegate.swift; sourceTree = "<group>"; };
		16C67F8E2477CA9C00877EAE /* SceneDelegate.swift */ = {isa = PBXFileReference; lastKnownFileType = sourcecode.swift; path = SceneDelegate.swift; sourceTree = "<group>"; };
		16C67F902477CA9C00877EAE /* ViewController.swift */ = {isa = PBXFileReference; lastKnownFileType = sourcecode.swift; path = ViewController.swift; sourceTree = "<group>"; };
		16C67F932477CA9C00877EAE /* Base */ = {isa = PBXFileReference; lastKnownFileType = file.storyboard; name = Base; path = Base.lproj/Main.storyboard; sourceTree = "<group>"; };
		16C67F952477CA9D00877EAE /* Assets.xcassets */ = {isa = PBXFileReference; lastKnownFileType = folder.assetcatalog; path = Assets.xcassets; sourceTree = "<group>"; };
		16C67F982477CA9D00877EAE /* Base */ = {isa = PBXFileReference; lastKnownFileType = file.storyboard; name = Base; path = Base.lproj/LaunchScreen.storyboard; sourceTree = "<group>"; };
		16C67F9A2477CA9D00877EAE /* Info.plist */ = {isa = PBXFileReference; lastKnownFileType = text.plist.xml; path = Info.plist; sourceTree = "<group>"; };
		16C67FA02477CAC100877EAE /* _BackgroundView.swift */ = {isa = PBXFileReference; fileEncoding = 4; lastKnownFileType = sourcecode.swift; path = _BackgroundView.swift; sourceTree = "<group>"; };
/* End PBXFileReference section */

/* Begin PBXFrameworksBuildPhase section */
		16C67F862477CA9C00877EAE /* Frameworks */ = {
			isa = PBXFrameworksBuildPhase;
			buildActionMask = 2147483647;
			files = (
			);
			runOnlyForDeploymentPostprocessing = 0;
		};
/* End PBXFrameworksBuildPhase section */

/* Begin PBXGroup section */
		16C67F802477CA9C00877EAE = {
			isa = PBXGroup;
			children = (
				16C67F8B2477CA9C00877EAE /* GradientNavigation */,
				16C67F8A2477CA9C00877EAE /* Products */,
			);
			sourceTree = "<group>";
		};
		16C67F8A2477CA9C00877EAE /* Products */ = {
			isa = PBXGroup;
			children = (
				16C67F892477CA9C00877EAE /* GradientNavigation.app */,
			);
			name = Products;
			sourceTree = "<group>";
		};
		16C67F8B2477CA9C00877EAE /* GradientNavigation */ = {
			isa = PBXGroup;
			children = (
				16C67FA02477CAC100877EAE /* _BackgroundView.swift */,
				16C67F8C2477CA9C00877EAE /* AppDelegate.swift */,
				16C67F8E2477CA9C00877EAE /* SceneDelegate.swift */,
				16C67F902477CA9C00877EAE /* ViewController.swift */,
				16C67F922477CA9C00877EAE /* Main.storyboard */,
				16C67F952477CA9D00877EAE /* Assets.xcassets */,
				16C67F972477CA9D00877EAE /* LaunchScreen.storyboard */,
				16C67F9A2477CA9D00877EAE /* Info.plist */,
			);
			path = GradientNavigation;
			sourceTree = "<group>";
		};
/* End PBXGroup section */

/* Begin PBXNativeTarget section */
		16C67F882477CA9C00877EAE /* GradientNavigation */ = {
			isa = PBXNativeTarget;
			buildConfigurationList = 16C67F9D2477CA9D00877EAE /* Build configuration list for PBXNativeTarget "GradientNavigation" */;
			buildPhases = (
				16C67F852477CA9C00877EAE /* Sources */,
				16C67F862477CA9C00877EAE /* Frameworks */,
				16C67F872477CA9C00877EAE /* Resources */,
			);
			buildRules = (
			);
			dependencies = (
			);
			name = GradientNavigation;
			productName = GradientNavigation;
			productReference = 16C67F892477CA9C00877EAE /* GradientNavigation.app */;
			productType = "com.apple.product-type.application";
		};
/* End PBXNativeTarget section */

/* Begin PBXProject section */
		16C67F812477CA9C00877EAE /* Project object */ = {
			isa = PBXProject;
			attributes = {
				LastSwiftUpdateCheck = 1150;
				LastUpgradeCheck = 1150;
				ORGANIZATIONNAME = TienNVan;
				TargetAttributes = {
					16C67F882477CA9C00877EAE = {
						CreatedOnToolsVersion = 11.5;
					};
				};
			};
			buildConfigurationList = 16C67F842477CA9C00877EAE /* Build configuration list for PBXProject "GradientNavigation" */;
			compatibilityVersion = "Xcode 9.3";
			developmentRegion = en;
			hasScannedForEncodings = 0;
			knownRegions = (
				en,
				Base,
			);
			mainGroup = 16C67F802477CA9C00877EAE;
			productRefGroup = 16C67F8A2477CA9C00877EAE /* Products */;
			projectDirPath = "";
			projectRoot = "";
			targets = (
				16C67F882477CA9C00877EAE /* GradientNavigation */,
			);
		};
/* End PBXProject section */

/* Begin PBXResourcesBuildPhase section */
		16C67F872477CA9C00877EAE /* Resources */ = {
			isa = PBXResourcesBuildPhase;
			buildActionMask = 2147483647;
			files = (
				16C67F992477CA9D00877EAE /* LaunchScreen.storyboard in Resources */,
				16C67F962477CA9D00877EAE /* Assets.xcassets in Resources */,
				16C67F942477CA9C00877EAE /* Main.storyboard in Resources */,
			);
			runOnlyForDeploymentPostprocessing = 0;
		};
/* End PBXResourcesBuildPhase section */

/* Begin PBXSourcesBuildPhase section */
		16C67F852477CA9C00877EAE /* Sources */ = {
			isa = PBXSourcesBuildPhase;
			buildActionMask = 2147483647;
			files = (
				16C67F912477CA9C00877EAE /* ViewController.swift in Sources */,
				16C67F8D2477CA9C00877EAE /* AppDelegate.swift in Sources */,
				16C67FA12477CAC100877EAE /* _BackgroundView.swift in Sources */,
				16C67F8F2477CA9C00877EAE /* SceneDelegate.swift in Sources */,
			);
			runOnlyForDeploymentPostprocessing = 0;
		};
/* End PBXSourcesBuildPhase section */

/* Begin PBXVariantGroup section */
		16C67F922477CA9C00877EAE /* Main.storyboard */ = {
			isa = PBXVariantGroup;
			children = (
				16C67F932477CA9C00877EAE /* Base */,
			);
			name = Main.storyboard;
			sourceTree = "<group>";
		};
		16C67F972477CA9D00877EAE /* LaunchScreen.storyboard */ = {
			isa = PBXVariantGroup;
			children = (
				16C67F982477CA9D00877EAE /* Base */,
			);
			name = LaunchScreen.storyboard;
			sourceTree = "<group>";
		};
/* End PBXVariantGroup section */

/* Begin XCBuildConfiguration section */
		16C67F9B2477CA9D00877EAE /* Debug */ = {
			isa = XCBuildConfiguration;
			buildSettings = {
				ALWAYS_SEARCH_USER_PATHS = NO;
				CLANG_ANALYZER_NONNULL = YES;
				CLANG_ANALYZER_NUMBER_OBJECT_CONVERSION = YES_AGGRESSIVE;
				CLANG_CXX_LANGUAGE_STANDARD = "gnu++14";
				CLANG_CXX_LIBRARY = "libc++";
				CLANG_ENABLE_MODULES = YES;
				CLANG_ENABLE_OBJC_ARC = YES;
				CLANG_ENABLE_OBJC_WEAK = YES;
				CLANG_WARN_BLOCK_CAPTURE_AUTORELEASING = YES;
				CLANG_WARN_BOOL_CONVERSION = YES;
				CLANG_WARN_COMMA = YES;
				CLANG_WARN_CONSTANT_CONVERSION = YES;
				CLANG_WARN_DEPRECATED_OBJC_IMPLEMENTATIONS = YES;
				CLANG_WARN_DIRECT_OBJC_ISA_USAGE = YES_ERROR;
				CLANG_WARN_DOCUMENTATION_COMMENTS = YES;
				CLANG_WARN_EMPTY_BODY = YES;
				CLANG_WARN_ENUM_CONVERSION = YES;
				CLANG_WARN_INFINITE_RECURSION = YES;
				CLANG_WARN_INT_CONVERSION = YES;
				CLANG_WARN_NON_LITERAL_NULL_CONVERSION = YES;
				CLANG_WARN_OBJC_IMPLICIT_RETAIN_SELF = YES;
				CLANG_WARN_OBJC_LITERAL_CONVERSION = YES;
				CLANG_WARN_OBJC_ROOT_CLASS = YES_ERROR;
				CLANG_WARN_RANGE_LOOP_ANALYSIS = YES;
				CLANG_WARN_STRICT_PROTOTYPES = YES;
				CLANG_WARN_SUSPICIOUS_MOVE = YES;
				CLANG_WARN_UNGUARDED_AVAILABILITY = YES_AGGRESSIVE;
				CLANG_WARN_UNREACHABLE_CODE = YES;
				CLANG_WARN__DUPLICATE_METHOD_MATCH = YES;
				COPY_PHASE_STRIP = NO;
				DEBUG_INFORMATION_FORMAT = dwarf;
				ENABLE_STRICT_OBJC_MSGSEND = YES;
				ENABLE_TESTABILITY = YES;
				GCC_C_LANGUAGE_STANDARD = gnu11;
				GCC_DYNAMIC_NO_PIC = NO;
				GCC_NO_COMMON_BLOCKS = YES;
				GCC_OPTIMIZATION_LEVEL = 0;
				GCC_PREPROCESSOR_DEFINITIONS = (
					"DEBUG=1",
					"$(inherited)",
				);
				GCC_WARN_64_TO_32_BIT_CONVERSION = YES;
				GCC_WARN_ABOUT_RETURN_TYPE = YES_ERROR;
				GCC_WARN_UNDECLARED_SELECTOR = YES;
				GCC_WARN_UNINITIALIZED_AUTOS = YES_AGGRESSIVE;
				GCC_WARN_UNUSED_FUNCTION = YES;
				GCC_WARN_UNUSED_VARIABLE = YES;
				IPHONEOS_DEPLOYMENT_TARGET = 13.5;
				MTL_ENABLE_DEBUG_INFO = INCLUDE_SOURCE;
				MTL_FAST_MATH = YES;
				ONLY_ACTIVE_ARCH = YES;
				SDKROOT = iphoneos;
				SWIFT_ACTIVE_COMPILATION_CONDITIONS = DEBUG;
				SWIFT_OPTIMIZATION_LEVEL = "-Onone";
			};
			name = Debug;
		};
		16C67F9C2477CA9D00877EAE /* Release */ = {
			isa = XCBuildConfiguration;
			buildSettings = {
				ALWAYS_SEARCH_USER_PATHS = NO;
				CLANG_ANALYZER_NONNULL = YES;
				CLANG_ANALYZER_NUMBER_OBJECT_CONVERSION = YES_AGGRESSIVE;
				CLANG_CXX_LANGUAGE_STANDARD = "gnu++14";
				CLANG_CXX_LIBRARY = "libc++";
				CLANG_ENABLE_MODULES = YES;
				CLANG_ENABLE_OBJC_ARC = YES;
				CLANG_ENABLE_OBJC_WEAK = YES;
				CLANG_WARN_BLOCK_CAPTURE_AUTORELEASING = YES;
				CLANG_WARN_BOOL_CONVERSION = YES;
				CLANG_WARN_COMMA = YES;
				CLANG_WARN_CONSTANT_CONVERSION = YES;
				CLANG_WARN_DEPRECATED_OBJC_IMPLEMENTATIONS = YES;
				CLANG_WARN_DIRECT_OBJC_ISA_USAGE = YES_ERROR;
				CLANG_WARN_DOCUMENTATION_COMMENTS = YES;
				CLANG_WARN_EMPTY_BODY = YES;
				CLANG_WARN_ENUM_CONVERSION = YES;
				CLANG_WARN_INFINITE_RECURSION = YES;
				CLANG_WARN_INT_CONVERSION = YES;
				CLANG_WARN_NON_LITERAL_NULL_CONVERSION = YES;
				CLANG_WARN_OBJC_IMPLICIT_RETAIN_SELF = YES;
				CLANG_WARN_OBJC_LITERAL_CONVERSION = YES;
				CLANG_WARN_OBJC_ROOT_CLASS = YES_ERROR;
				CLANG_WARN_RANGE_LOOP_ANALYSIS = YES;
				CLANG_WARN_STRICT_PROTOTYPES = YES;
				CLANG_WARN_SUSPICIOUS_MOVE = YES;
				CLANG_WARN_UNGUARDED_AVAILABILITY = YES_AGGRESSIVE;
				CLANG_WARN_UNREACHABLE_CODE = YES;
				CLANG_WARN__DUPLICATE_METHOD_MATCH = YES;
				COPY_PHASE_STRIP = NO;
				DEBUG_INFORMATION_FORMAT = "dwarf-with-dsym";
				ENABLE_NS_ASSERTIONS = NO;
				ENABLE_STRICT_OBJC_MSGSEND = YES;
				GCC_C_LANGUAGE_STANDARD = gnu11;
				GCC_NO_COMMON_BLOCKS = YES;
				GCC_WARN_64_TO_32_BIT_CONVERSION = YES;
				GCC_WARN_ABOUT_RETURN_TYPE = YES_ERROR;
				GCC_WARN_UNDECLARED_SELECTOR = YES;
				GCC_WARN_UNINITIALIZED_AUTOS = YES_AGGRESSIVE;
				GCC_WARN_UNUSED_FUNCTION = YES;
				GCC_WARN_UNUSED_VARIABLE = YES;
				IPHONEOS_DEPLOYMENT_TARGET = 13.5;
				MTL_ENABLE_DEBUG_INFO = NO;
				MTL_FAST_MATH = YES;
				SDKROOT = iphoneos;
				SWIFT_COMPILATION_MODE = wholemodule;
				SWIFT_OPTIMIZATION_LEVEL = "-O";
				VALIDATE_PRODUCT = YES;
			};
			name = Release;
		};
		16C67F9E2477CA9D00877EAE /* Debug */ = {
			isa = XCBuildConfiguration;
			buildSettings = {
				ASSETCATALOG_COMPILER_APPICON_NAME = AppIcon;
				CODE_SIGN_STYLE = Automatic;
				DEVELOPMENT_TEAM = J3VQ3L6NAW;
				INFOPLIST_FILE = GradientNavigation/Info.plist;
				IPHONEOS_DEPLOYMENT_TARGET = 13.0;
				LD_RUNPATH_SEARCH_PATHS = (
					"$(inherited)",
					"@executable_path/Frameworks",
				);
				PRODUCT_BUNDLE_IDENTIFIER = com.example.GradientNavigation;
				PRODUCT_NAME = "$(TARGET_NAME)";
				SWIFT_VERSION = 5.0;
				TARGETED_DEVICE_FAMILY = "1,2";
			};
			name = Debug;
		};
		16C67F9F2477CA9D00877EAE /* Release */ = {
			isa = XCBuildConfiguration;
			buildSettings = {
				ASSETCATALOG_COMPILER_APPICON_NAME = AppIcon;
				CODE_SIGN_STYLE = Automatic;
				DEVELOPMENT_TEAM = J3VQ3L6NAW;
				INFOPLIST_FILE = GradientNavigation/Info.plist;
				IPHONEOS_DEPLOYMENT_TARGET = 13.0;
				LD_RUNPATH_SEARCH_PATHS = (
					"$(inherited)",
					"@executable_path/Frameworks",
				);
				PRODUCT_BUNDLE_IDENTIFIER = com.example.GradientNavigation;
				PRODUCT_NAME = "$(TARGET_NAME)";
				SWIFT_VERSION = 5.0;
				TARGETED_DEVICE_FAMILY = "1,2";
			};
			name = Release;
		};
/* End XCBuildConfiguration section */

/* Begin XCConfigurationList section */
		16C67F842477CA9C00877EAE /* Build configuration list for PBXProject "GradientNavigation" */ = {
			isa = XCConfigurationList;
			buildConfigurations = (
				16C67F9B2477CA9D00877EAE /* Debug */,
				16C67F9C2477CA9D00877EAE /* Release */,
			);
			defaultConfigurationIsVisible = 0;
			defaultConfigurationName = Release;
		};
		16C67F9D2477CA9D00877EAE /* Build configuration list for PBXNativeTarget "GradientNavigation" */ = {
			isa = XCConfigurationList;
			buildConfigurations = (
				16C67F9E2477CA9D00877EAE /* Debug */,
				16C67F9F2477CA9D00877EAE /* Release */,
			);
			defaultConfigurationIsVisible = 0;
			defaultConfigurationName = Release;
		};
/* End XCConfigurationList section */
	};
	rootObject = 16C67F812477CA9C00877EAE /* Project object */;
}
